
Microsoft Visual Studio Solution File, Format Version 12.00
# Visual Studio Version 17
VisualStudioVersion = 17.9.34728.123
MinimumVisualStudioVersion = 10.0.40219.1
Project("{9A19103F-16F7-4668-BE54-9A1E7A4F7556}") = "FinanceManager", "FinanceManager\FinanceManager.csproj", "{F9CE4E7C-65B8-4EA8-8296-4C3C57847C92}"
EndProject
Project("{9A19103F-16F7-4668-BE54-9A1E7A4F7556}") = "FinanceManager.Presentation", "FinanceManager.Presentation\FinanceManager.Presentation.csproj", "{A19C5728-3523-40B5-9E02-18644F9CE414}"
EndProject
Project("{9A19103F-16F7-4668-BE54-9A1E7A4F7556}") = "FinanceManager.Core", "FinanceManager.Core\FinanceManager.Core.csproj", "{D89CF09E-6D15-4C18-ADCD-0541B1AEB65E}"
EndProject
Project("{9A19103F-16F7-4668-BE54-9A1E7A4F7556}") = "FinanceManager.Infrastructure", "FinanceManager.Infrastructure\FinanceManager.Infrastructure.csproj", "{7E8BBB93-BC7C-47E9-A11B-7F05FBA7666D}"
EndProject
Project("{9A19103F-16F7-4668-BE54-9A1E7A4F7556}") = "FinanceManager.Application", "FinanceManager.Application\FinanceManager.Application.csproj", "{D2F9D2A4-42A3-453C-961F-CB283200018F}"
EndProject
Project("{2150E333-8FDC-42A3-9474-1A3956D46DE8}") = "Tests", "Tests", "{61771FDE-F454-4282-9CAE-036FBE65F805}"
EndProject
Project("{9A19103F-16F7-4668-BE54-9A1E7A4F7556}") = "FinanceManager.UnitTests", "FinanceManager.UnitTests\FinanceManager.UnitTests.csproj", "{2BE36E10-6DE6-4DD3-B022-CDDC558EBD6B}"
EndProject
Global
	GlobalSection(SolutionConfigurationPlatforms) = preSolution
		Debug|Any CPU = Debug|Any CPU
		Release|Any CPU = Release|Any CPU
	EndGlobalSection
	GlobalSection(ProjectConfigurationPlatforms) = postSolution
		{F9CE4E7C-65B8-4EA8-8296-4C3C57847C92}.Debug|Any CPU.ActiveCfg = Debug|Any CPU
		{F9CE4E7C-65B8-4EA8-8296-4C3C57847C92}.Debug|Any CPU.Build.0 = Debug|Any CPU
		{F9CE4E7C-65B8-4EA8-8296-4C3C57847C92}.Release|Any CPU.ActiveCfg = Release|Any CPU
		{F9CE4E7C-65B8-4EA8-8296-4C3C57847C92}.Release|Any CPU.Build.0 = Release|Any CPU
		{A19C5728-3523-40B5-9E02-18644F9CE414}.Debug|Any CPU.ActiveCfg = Debug|Any CPU
		{A19C5728-3523-40B5-9E02-18644F9CE414}.Debug|Any CPU.Build.0 = Debug|Any CPU
		{A19C5728-3523-40B5-9E02-18644F9CE414}.Release|Any CPU.ActiveCfg = Release|Any CPU
		{A19C5728-3523-40B5-9E02-18644F9CE414}.Release|Any CPU.Build.0 = Release|Any CPU
		{D89CF09E-6D15-4C18-ADCD-0541B1AEB65E}.Debug|Any CPU.ActiveCfg = Debug|Any CPU
		{D89CF09E-6D15-4C18-ADCD-0541B1AEB65E}.Debug|Any CPU.Build.0 = Debug|Any CPU
		{D89CF09E-6D15-4C18-ADCD-0541B1AEB65E}.Release|Any CPU.ActiveCfg = Release|Any CPU
		{D89CF09E-6D15-4C18-ADCD-0541B1AEB65E}.Release|Any CPU.Build.0 = Release|Any CPU
		{7E8BBB93-BC7C-47E9-A11B-7F05FBA7666D}.Debug|Any CPU.ActiveCfg = Debug|Any CPU
		{7E8BBB93-BC7C-47E9-A11B-7F05FBA7666D}.Debug|Any CPU.Build.0 = Debug|Any CPU
		{7E8BBB93-BC7C-47E9-A11B-7F05FBA7666D}.Release|Any CPU.ActiveCfg = Release|Any CPU
		{7E8BBB93-BC7C-47E9-A11B-7F05FBA7666D}.Release|Any CPU.Build.0 = Release|Any CPU
		{D2F9D2A4-42A3-453C-961F-CB283200018F}.Debug|Any CPU.ActiveCfg = Debug|Any CPU
		{D2F9D2A4-42A3-453C-961F-CB283200018F}.Debug|Any CPU.Build.0 = Debug|Any CPU
		{D2F9D2A4-42A3-453C-961F-CB283200018F}.Release|Any CPU.ActiveCfg = Release|Any CPU
		{D2F9D2A4-42A3-453C-961F-CB283200018F}.Release|Any CPU.Build.0 = Release|Any CPU
		{2BE36E10-6DE6-4DD3-B022-CDDC558EBD6B}.Debug|Any CPU.ActiveCfg = Debug|Any CPU
		{2BE36E10-6DE6-4DD3-B022-CDDC558EBD6B}.Debug|Any CPU.Build.0 = Debug|Any CPU
		{2BE36E10-6DE6-4DD3-B022-CDDC558EBD6B}.Release|Any CPU.ActiveCfg = Release|Any CPU
		{2BE36E10-6DE6-4DD3-B022-CDDC558EBD6B}.Release|Any CPU.Build.0 = Release|Any CPU
	EndGlobalSection
	GlobalSection(SolutionProperties) = preSolution
		HideSolutionNode = FALSE
	EndGlobalSection
	GlobalSection(NestedProjects) = preSolution
		{2BE36E10-6DE6-4DD3-B022-CDDC558EBD6B} = {61771FDE-F454-4282-9CAE-036FBE65F805}
	EndGlobalSection
	GlobalSection(ExtensibilityGlobals) = postSolution
		SolutionGuid = {D98AAC2C-B239-4E2D-9E6A-1AD342A76CDB}
	EndGlobalSection
EndGlobal
